
Microsoft Visual Studio Solution File, Format Version 12.00
# Visual Studio 15
Project("{FAE04EC0-301F-11D3-BF4B-00C04F79EFBC}") = "Assembly-CSharp", "Assembly-CSharp.csproj", "{23916B3C-C4BC-E261-EA97-B10E6D1032CD}"
EndProject
Project("{FAE04EC0-301F-11D3-BF4B-00C04F79EFBC}") = "Fusion.Addressables", "Fusion.Addressables.csproj", "{784DD599-8AFC-843E-4FA2-F744760955D2}"
EndProject
Project("{FAE04EC0-301F-11D3-BF4B-00C04F79EFBC}") = "Fusion.Editor", "Fusion.Editor.csproj", "{34B61C00-823F-7F35-2161-525600C79A7E}"
EndProject
Project("{FAE04EC0-301F-11D3-BF4B-00C04F79EFBC}") = "Unity.Fusion.CodeGen", "Unity.Fusion.CodeGen.csproj", "{CC7BA8D6-40F5-973B-C822-D82E27248787}"
EndProject
Project("{FAE04EC0-301F-11D3-BF4B-00C04F79EFBC}") = "Assembly-CSharp-Editor", "Assembly-CSharp-Editor.csproj", "{A82F7AC4-B519-538F-DFCD-23A05E45ABDA}"
EndProject
Global
	GlobalSection(SolutionConfigurationPlatforms) = preSolution
		Debug|Any CPU = Debug|Any CPU
		Release|Any CPU = Release|Any CPU
	EndGlobalSection
	GlobalSection(ProjectConfigurationPlatforms) = postSolution
		{23916B3C-C4BC-E261-EA97-B10E6D1032CD}.Debug|Any CPU.ActiveCfg = Debug|Any CPU
		{23916B3C-C4BC-E261-EA97-B10E6D1032CD}.Debug|Any CPU.Build.0 = Debug|Any CPU
		{23916B3C-C4BC-E261-EA97-B10E6D1032CD}.Release|Any CPU.ActiveCfg = Release|Any CPU
		{23916B3C-C4BC-E261-EA97-B10E6D1032CD}.Release|Any CPU.Build.0 = Release|Any CPU
		{784DD599-8AFC-843E-4FA2-F744760955D2}.Debug|Any CPU.ActiveCfg = Debug|Any CPU
		{784DD599-8AFC-843E-4FA2-F744760955D2}.Debug|Any CPU.Build.0 = Debug|Any CPU
		{784DD599-8AFC-843E-4FA2-F744760955D2}.Release|Any CPU.ActiveCfg = Release|Any CPU
		{784DD599-8AFC-843E-4FA2-F744760955D2}.Release|Any CPU.Build.0 = Release|Any CPU
		{34B61C00-823F-7F35-2161-525600C79A7E}.Debug|Any CPU.ActiveCfg = Debug|Any CPU
		{34B61C00-823F-7F35-2161-525600C79A7E}.Debug|Any CPU.Build.0 = Debug|Any CPU
		{34B61C00-823F-7F35-2161-525600C79A7E}.Release|Any CPU.ActiveCfg = Release|Any CPU
		{34B61C00-823F-7F35-2161-525600C79A7E}.Release|Any CPU.Build.0 = Release|Any CPU
		{CC7BA8D6-40F5-973B-C822-D82E27248787}.Debug|Any CPU.ActiveCfg = Debug|Any CPU
		{CC7BA8D6-40F5-973B-C822-D82E27248787}.Debug|Any CPU.Build.0 = Debug|Any CPU
		{CC7BA8D6-40F5-973B-C822-D82E27248787}.Release|Any CPU.ActiveCfg = Release|Any CPU
		{CC7BA8D6-40F5-973B-C822-D82E27248787}.Release|Any CPU.Build.0 = Release|Any CPU
		{A82F7AC4-B519-538F-DFCD-23A05E45ABDA}.Debug|Any CPU.ActiveCfg = Debug|Any CPU
		{A82F7AC4-B519-538F-DFCD-23A05E45ABDA}.Debug|Any CPU.Build.0 = Debug|Any CPU
		{A82F7AC4-B519-538F-DFCD-23A05E45ABDA}.Release|Any CPU.ActiveCfg = Release|Any CPU
		{A82F7AC4-B519-538F-DFCD-23A05E45ABDA}.Release|Any CPU.Build.0 = Release|Any CPU
	EndGlobalSection
	GlobalSection(SolutionProperties) = preSolution
		HideSolutionNode = FALSE
	EndGlobalSection
EndGlobal
